
Microsoft Visual Studio Solution File, Format Version 12.00
# Visual Studio 15
VisualStudioVersion = 15.0.27428.2043
MinimumVisualStudioVersion = 10.0.40219.1
Project("{FAE04EC0-301F-11D3-BF4B-00C04F79EFBC}") = "CMR.Api", "CMR\CMR.Api.csproj", "{FF2BAF82-AB8E-496C-B7F3-1E53A31F1619}"
EndProject
Project("{2150E333-8FDC-42A3-9474-1A3956D46DE8}") = "Repository", "Repository", "{12ECE9D7-C43D-42EC-8057-D5BCEC29EFCD}"
EndProject
Project("{2150E333-8FDC-42A3-9474-1A3956D46DE8}") = "Service", "Service", "{D3FFB021-9271-4E97-A8F0-CACD82C2CBC5}"
EndProject
Project("{2150E333-8FDC-42A3-9474-1A3956D46DE8}") = "Infrastructure", "Infrastructure", "{2DE17D75-EF14-49B3-9F9F-AFE1329725B9}"
EndProject
Project("{FAE04EC0-301F-11D3-BF4B-00C04F79EFBC}") = "CRM.Service", "CRM.Service\CRM.Service.csproj", "{912E4F8A-4CD6-4B34-BCD0-CAC43057A998}"
EndProject
Project("{FAE04EC0-301F-11D3-BF4B-00C04F79EFBC}") = "CRM.Service.Impl", "CRM.Service.Impl\CRM.Service.Impl.csproj", "{1C0BCFF3-84AC-48E8-AF5B-BA0F227BEB80}"
EndProject
Project("{FAE04EC0-301F-11D3-BF4B-00C04F79EFBC}") = "CRM.Repository", "CRM.Repository\CRM.Repository.csproj", "{DC209E19-687A-450C-A3ED-D83A9E5B2182}"
EndProject
Project("{FAE04EC0-301F-11D3-BF4B-00C04F79EFBC}") = "CRM.Repository.Impl", "CRM.Repository.Impl\CRM.Repository.Impl.csproj", "{BA3735B3-23C6-4607-A370-4A517AF5E6A2}"
EndProject
Project("{FAE04EC0-301F-11D3-BF4B-00C04F79EFBC}") = "CRM.Common", "CRM.Common\CRM.Common.csproj", "{1A935A9A-5207-4E09-89E8-42CE70FE5887}"
EndProject
Project("{FAE04EC0-301F-11D3-BF4B-00C04F79EFBC}") = "CRM.Context", "CRM.Context\CRM.Context.csproj", "{2F0D0A55-09F0-4DD4-8284-0833EB260AFA}"
EndProject
Project("{FAE04EC0-301F-11D3-BF4B-00C04F79EFBC}") = "CRM.Entity", "CRM.Entity\CRM.Entity.csproj", "{806E47A0-55CA-48C6-BFD5-24F9185754AC}"
EndProject
Project("{2150E333-8FDC-42A3-9474-1A3956D46DE8}") = "Event", "Event", "{17A1D8E6-644A-4B90-A334-F3CBCD521315}"
EndProject
Global
	GlobalSection(SolutionConfigurationPlatforms) = preSolution
		Debug|Any CPU = Debug|Any CPU
		Release|Any CPU = Release|Any CPU
	EndGlobalSection
	GlobalSection(ProjectConfigurationPlatforms) = postSolution
		{FF2BAF82-AB8E-496C-B7F3-1E53A31F1619}.Debug|Any CPU.ActiveCfg = Debug|Any CPU
		{FF2BAF82-AB8E-496C-B7F3-1E53A31F1619}.Debug|Any CPU.Build.0 = Debug|Any CPU
		{FF2BAF82-AB8E-496C-B7F3-1E53A31F1619}.Release|Any CPU.ActiveCfg = Release|Any CPU
		{FF2BAF82-AB8E-496C-B7F3-1E53A31F1619}.Release|Any CPU.Build.0 = Release|Any CPU
		{912E4F8A-4CD6-4B34-BCD0-CAC43057A998}.Debug|Any CPU.ActiveCfg = Debug|Any CPU
		{912E4F8A-4CD6-4B34-BCD0-CAC43057A998}.Debug|Any CPU.Build.0 = Debug|Any CPU
		{912E4F8A-4CD6-4B34-BCD0-CAC43057A998}.Release|Any CPU.ActiveCfg = Release|Any CPU
		{912E4F8A-4CD6-4B34-BCD0-CAC43057A998}.Release|Any CPU.Build.0 = Release|Any CPU
		{1C0BCFF3-84AC-48E8-AF5B-BA0F227BEB80}.Debug|Any CPU.ActiveCfg = Debug|Any CPU
		{1C0BCFF3-84AC-48E8-AF5B-BA0F227BEB80}.Debug|Any CPU.Build.0 = Debug|Any CPU
		{1C0BCFF3-84AC-48E8-AF5B-BA0F227BEB80}.Release|Any CPU.ActiveCfg = Release|Any CPU
		{1C0BCFF3-84AC-48E8-AF5B-BA0F227BEB80}.Release|Any CPU.Build.0 = Release|Any CPU
		{DC209E19-687A-450C-A3ED-D83A9E5B2182}.Debug|Any CPU.ActiveCfg = Debug|Any CPU
		{DC209E19-687A-450C-A3ED-D83A9E5B2182}.Debug|Any CPU.Build.0 = Debug|Any CPU
		{DC209E19-687A-450C-A3ED-D83A9E5B2182}.Release|Any CPU.ActiveCfg = Release|Any CPU
		{DC209E19-687A-450C-A3ED-D83A9E5B2182}.Release|Any CPU.Build.0 = Release|Any CPU
		{BA3735B3-23C6-4607-A370-4A517AF5E6A2}.Debug|Any CPU.ActiveCfg = Debug|Any CPU
		{BA3735B3-23C6-4607-A370-4A517AF5E6A2}.Debug|Any CPU.Build.0 = Debug|Any CPU
		{BA3735B3-23C6-4607-A370-4A517AF5E6A2}.Release|Any CPU.ActiveCfg = Release|Any CPU
		{BA3735B3-23C6-4607-A370-4A517AF5E6A2}.Release|Any CPU.Build.0 = Release|Any CPU
		{1A935A9A-5207-4E09-89E8-42CE70FE5887}.Debug|Any CPU.ActiveCfg = Debug|Any CPU
		{1A935A9A-5207-4E09-89E8-42CE70FE5887}.Debug|Any CPU.Build.0 = Debug|Any CPU
		{1A935A9A-5207-4E09-89E8-42CE70FE5887}.Release|Any CPU.ActiveCfg = Release|Any CPU
		{1A935A9A-5207-4E09-89E8-42CE70FE5887}.Release|Any CPU.Build.0 = Release|Any CPU
		{2F0D0A55-09F0-4DD4-8284-0833EB260AFA}.Debug|Any CPU.ActiveCfg = Debug|Any CPU
		{2F0D0A55-09F0-4DD4-8284-0833EB260AFA}.Debug|Any CPU.Build.0 = Debug|Any CPU
		{2F0D0A55-09F0-4DD4-8284-0833EB260AFA}.Release|Any CPU.ActiveCfg = Release|Any CPU
		{2F0D0A55-09F0-4DD4-8284-0833EB260AFA}.Release|Any CPU.Build.0 = Release|Any CPU
		{806E47A0-55CA-48C6-BFD5-24F9185754AC}.Debug|Any CPU.ActiveCfg = Debug|Any CPU
		{806E47A0-55CA-48C6-BFD5-24F9185754AC}.Debug|Any CPU.Build.0 = Debug|Any CPU
		{806E47A0-55CA-48C6-BFD5-24F9185754AC}.Release|Any CPU.ActiveCfg = Release|Any CPU
		{806E47A0-55CA-48C6-BFD5-24F9185754AC}.Release|Any CPU.Build.0 = Release|Any CPU
	EndGlobalSection
	GlobalSection(SolutionProperties) = preSolution
		HideSolutionNode = FALSE
	EndGlobalSection
	GlobalSection(NestedProjects) = preSolution
		{912E4F8A-4CD6-4B34-BCD0-CAC43057A998} = {D3FFB021-9271-4E97-A8F0-CACD82C2CBC5}
		{1C0BCFF3-84AC-48E8-AF5B-BA0F227BEB80} = {D3FFB021-9271-4E97-A8F0-CACD82C2CBC5}
		{DC209E19-687A-450C-A3ED-D83A9E5B2182} = {12ECE9D7-C43D-42EC-8057-D5BCEC29EFCD}
		{BA3735B3-23C6-4607-A370-4A517AF5E6A2} = {12ECE9D7-C43D-42EC-8057-D5BCEC29EFCD}
		{2F0D0A55-09F0-4DD4-8284-0833EB260AFA} = {12ECE9D7-C43D-42EC-8057-D5BCEC29EFCD}
		{806E47A0-55CA-48C6-BFD5-24F9185754AC} = {12ECE9D7-C43D-42EC-8057-D5BCEC29EFCD}
	EndGlobalSection
	GlobalSection(ExtensibilityGlobals) = postSolution
		SolutionGuid = {8884309B-BD28-47A7-BC9B-30ED8646F9A1}
	EndGlobalSection
EndGlobal
